
Microsoft Visual Studio Solution File, Format Version 12.00
# Visual Studio 15
VisualStudioVersion = 15.0.28307.329
MinimumVisualStudioVersion = 10.0.40219.1
Project("{FAE04EC0-301F-11D3-BF4B-00C04F79EFBC}") = "GithubBackup", "GithubBackup\GithubBackup.csproj", "{9E9F41C9-BFEE-4352-AC76-A81090120FE3}"
EndProject
Global
	GlobalSection(SolutionConfigurationPlatforms) = preSolution
		Debug|Any CPU = Debug|Any CPU
		Release|Any CPU = Release|Any CPU
	EndGlobalSection
	GlobalSection(ProjectConfigurationPlatforms) = postSolution
		{9E9F41C9-BFEE-4352-AC76-A81090120FE3}.Debug|Any CPU.ActiveCfg = Debug|Any CPU
		{9E9F41C9-BFEE-4352-AC76-A81090120FE3}.Debug|Any CPU.Build.0 = Debug|Any CPU
		{9E9F41C9-BFEE-4352-AC76-A81090120FE3}.Release|Any CPU.ActiveCfg = Release|Any CPU
		{9E9F41C9-BFEE-4352-AC76-A81090120FE3}.Release|Any CPU.Build.0 = Release|Any CPU
	EndGlobalSection
	GlobalSection(SolutionProperties) = preSolution
		HideSolutionNode = FALSE
	EndGlobalSection
	GlobalSection(ExtensibilityGlobals) = postSolution
		SolutionGuid = {33636CF0-0674-4E64-BDCD-72B893EC0F3B}
	EndGlobalSection
EndGlobal
